
Microsoft Visual Studio Solution File, Format Version 12.00
# Visual Studio 15
VisualStudioVersion = 15.0.27703.1
MinimumVisualStudioVersion = 10.0.40219.1
Project("{FAE04EC0-301F-11D3-BF4B-00C04F79EFBC}") = "NominaProFinal1", "NominaProFinal1.csproj", "{22DB8CD2-C3C3-4E2B-BC09-67334578A3E1}"
EndProject
Global
	GlobalSection(SolutionConfigurationPlatforms) = preSolution
		Debug|x86 = Debug|x86
		Release|x86 = Release|x86
	EndGlobalSection
	GlobalSection(ProjectConfigurationPlatforms) = postSolution
		{22DB8CD2-C3C3-4E2B-BC09-67334578A3E1}.Debug|x86.ActiveCfg = Debug|x86
		{22DB8CD2-C3C3-4E2B-BC09-67334578A3E1}.Debug|x86.Build.0 = Debug|x86
		{22DB8CD2-C3C3-4E2B-BC09-67334578A3E1}.Release|x86.ActiveCfg = Release|x86
		{22DB8CD2-C3C3-4E2B-BC09-67334578A3E1}.Release|x86.Build.0 = Release|x86
	EndGlobalSection
	GlobalSection(SolutionProperties) = preSolution
		HideSolutionNode = FALSE
	EndGlobalSection
	GlobalSection(ExtensibilityGlobals) = postSolution
		SolutionGuid = {B2D3F105-EBBA-4229-9B69-1EEEE62C8541}
	EndGlobalSection
EndGlobal
